<?xml version="1.0" encoding="utf-8"?>
<Project ToolsVersion="4.0" xmlns="http://schemas.microsoft.com/developer/msbuild/2003">
  <ItemGroup>
    <Filter Include="Other">
      <UniqueIdentifier>{709f716b-504b-4f6a-8410-9cef1217632b}</UniqueIdentifier>
    </Filter>
    <Filter Include="Main">
      <UniqueIdentifier>{6d7088d5-043f-4861-8246-f67649911e61}</UniqueIdentifier>
    </Filter>
    <Filter Include="Fix">
      <UniqueIdentifier>{e1969f54-6059-4aca-a890-85e0ce97c3d3}</UniqueIdentifier>
    </Filter>
    <Filter Include="Offset">
      <UniqueIdentifier>{ab1e9bdd-66d0-4e8f-9906-ca6a14e0a79a}</UniqueIdentifier>
    </Filter>
    <Filter Include="Config">
      <UniqueIdentifier>{3ce378d1-f097-4c85-8145-9766bca59318}</UniqueIdentifier>
    </Filter>
    <Filter Include="StdAfx">
      <UniqueIdentifier>{dd766e14-36cb-4be5-b325-07f0943be5af}</UniqueIdentifier>
    </Filter>
    <Filter Include="ToolKit">
      <UniqueIdentifier>{698d6b53-ef60-4fed-bd07-b16512c9d6f1}</UniqueIdentifier>
    </Filter>
  </ItemGroup>
  <ItemGroup>
    <ClCompile Include="stdafx.cpp">
      <Filter>StdAfx</Filter>
    </ClCompile>
    <ClCompile Include="Main.cpp">
      <Filter>Main</Filter>
    </ClCompile>
    <ClCompile Include="Fix.cpp">
      <Filter>Fix</Filter>
    </ClCompile>
    <ClCompile Include="Config.cpp">
      <Filter>Config</Filter>
    </ClCompile>
    <ClCompile Include="ToolKit.cpp">
      <Filter>ToolKit</Filter>
    </ClCompile>
  </ItemGroup>
  <ItemGroup>
    <None Include="Main.def">
      <Filter>Other</Filter>
    </None>
    <None Include="res\Main.rc2">
      <Filter>Other</Filter>
    </None>
  </ItemGroup>
  <ItemGroup>
    <ClInclude Include="Resource.h">
      <Filter>Other</Filter>
    </ClInclude>
    <ClInclude Include="targetver.h">
      <Filter>Other</Filter>
    </ClInclude>
    <ClInclude Include="stdafx.h">
      <Filter>StdAfx</Filter>
    </ClInclude>
    <ClInclude Include="Main.h">
      <Filter>Main</Filter>
    </ClInclude>
    <ClInclude Include="Fix.h">
      <Filter>Fix</Filter>
    </ClInclude>
    <ClInclude Include="Offset.h">
      <Filter>Offset</Filter>
    </ClInclude>
    <ClInclude Include="Config.h">
      <Filter>Config</Filter>
    </ClInclude>
    <ClInclude Include="ToolKit.h">
      <Filter>ToolKit</Filter>
    </ClInclude>
  </ItemGroup>
  <ItemGroup>
    <Text Include="Changelog.txt" />
  </ItemGroup>
  <ItemGroup>
    <ResourceCompile Include="Main.rc">
      <Filter>Other</Filter>
    </ResourceCompile>
  </ItemGroup>
</Project>